// !$*UTF8*$!
{
	archiveVersion = 1;
	classes = {
	};
	objectVersion = 51;
	objects = {

/* Begin PBXBuildFile section */
		3085B411DF1EEA3B3D033A0F /* Pods_TestSwiftUI.framework in Frameworks */ = {isa = PBXBuildFile; fileRef = 8287011A6DE9C0018AF53A05 /* Pods_TestSwiftUI.framework */; };
		36CAFF5026033F0300D455CA /* AppDelegate.swift in Sources */ = {isa = PBXBuildFile; fileRef = 36CAFF4F26033F0300D455CA /* AppDelegate.swift */; };
		36CAFF5226033F0300D455CA /* SceneDelegate.swift in Sources */ = {isa = PBXBuildFile; fileRef = 36CAFF5126033F0300D455CA /* SceneDelegate.swift */; };
		36CAFF5626033F0800D455CA /* Assets.xcassets in Resources */ = {isa = PBXBuildFile; fileRef = 36CAFF5526033F0800D455CA /* Assets.xcassets */; };
		36CAFF5C26033F0800D455CA /* LaunchScreen.storyboard in Resources */ = {isa = PBXBuildFile; fileRef = 36CAFF5A26033F0800D455CA /* LaunchScreen.storyboard */; };
		36CAFF832603409100D455CA /* HomeViewController.swift in Sources */ = {isa = PBXBuildFile; fileRef = 36CAFF822603409100D455CA /* HomeViewController.swift */; };
		36CAFF88260340DC00D455CA /* TabBarController.swift in Sources */ = {isa = PBXBuildFile; fileRef = 36CAFF87260340DC00D455CA /* TabBarController.swift */; };
		36CAFF912603473800D455CA /* TrendViewController.swift in Sources */ = {isa = PBXBuildFile; fileRef = 36CAFF902603473800D455CA /* TrendViewController.swift */; };
		36CAFF962603474D00D455CA /* LiveViewController.swift in Sources */ = {isa = PBXBuildFile; fileRef = 36CAFF952603474D00D455CA /* LiveViewController.swift */; };
		36FD17122604898C00C8CE37 /* TabBar.swift in Sources */ = {isa = PBXBuildFile; fileRef = 36FD17112604898C00C8CE37 /* TabBar.swift */; };
		36FD171A260489E600C8CE37 /* API.swift in Sources */ = {isa = PBXBuildFile; fileRef = 36FD1719260489E600C8CE37 /* API.swift */; };
		36FD173D26048E9300C8CE37 /* Comment.swift in Sources */ = {isa = PBXBuildFile; fileRef = 36FD173C26048E9300C8CE37 /* Comment.swift */; };
		36FD174326048EEC00C8CE37 /* User.swift in Sources */ = {isa = PBXBuildFile; fileRef = 36FD174226048EEC00C8CE37 /* User.swift */; };
		36FD174B26048F0500C8CE37 /* Item.swift in Sources */ = {isa = PBXBuildFile; fileRef = 36FD174A26048F0500C8CE37 /* Item.swift */; };
		36FD176B2604946C00C8CE37 /* IItem.swift in Sources */ = {isa = PBXBuildFile; fileRef = 36FD176A2604946C00C8CE37 /* IItem.swift */; };
/* End PBXBuildFile section */

/* Begin PBXFileReference section */
		36CAFF4C26033F0300D455CA /* TestSwiftUI.app */ = {isa = PBXFileReference; explicitFileType = wrapper.application; includeInIndex = 0; path = TestSwiftUI.app; sourceTree = BUILT_PRODUCTS_DIR; };
		36CAFF4F26033F0300D455CA /* AppDelegate.swift */ = {isa = PBXFileReference; lastKnownFileType = sourcecode.swift; path = AppDelegate.swift; sourceTree = "<group>"; };
		36CAFF5126033F0300D455CA /* SceneDelegate.swift */ = {isa = PBXFileReference; lastKnownFileType = sourcecode.swift; path = SceneDelegate.swift; sourceTree = "<group>"; };
		36CAFF5526033F0800D455CA /* Assets.xcassets */ = {isa = PBXFileReference; lastKnownFileType = folder.assetcatalog; path = Assets.xcassets; sourceTree = "<group>"; };
		36CAFF5B26033F0800D455CA /* Base */ = {isa = PBXFileReference; lastKnownFileType = file.storyboard; name = Base; path = Base.lproj/LaunchScreen.storyboard; sourceTree = "<group>"; };
		36CAFF5D26033F0800D455CA /* Info.plist */ = {isa = PBXFileReference; lastKnownFileType = text.plist.xml; path = Info.plist; sourceTree = "<group>"; };
		36CAFF822603409100D455CA /* HomeViewController.swift */ = {isa = PBXFileReference; lastKnownFileType = sourcecode.swift; path = HomeViewController.swift; sourceTree = "<group>"; };
		36CAFF87260340DC00D455CA /* TabBarController.swift */ = {isa = PBXFileReference; lastKnownFileType = sourcecode.swift; path = TabBarController.swift; sourceTree = "<group>"; };
		36CAFF902603473800D455CA /* TrendViewController.swift */ = {isa = PBXFileReference; lastKnownFileType = sourcecode.swift; path = TrendViewController.swift; sourceTree = "<group>"; };
		36CAFF952603474D00D455CA /* LiveViewController.swift */ = {isa = PBXFileReference; lastKnownFileType = sourcecode.swift; path = LiveViewController.swift; sourceTree = "<group>"; };
		36FD17112604898C00C8CE37 /* TabBar.swift */ = {isa = PBXFileReference; lastKnownFileType = sourcecode.swift; path = TabBar.swift; sourceTree = "<group>"; };
		36FD1719260489E600C8CE37 /* API.swift */ = {isa = PBXFileReference; lastKnownFileType = sourcecode.swift; path = API.swift; sourceTree = "<group>"; };
		36FD173C26048E9300C8CE37 /* Comment.swift */ = {isa = PBXFileReference; lastKnownFileType = sourcecode.swift; path = Comment.swift; sourceTree = "<group>"; };
		36FD174226048EEC00C8CE37 /* User.swift */ = {isa = PBXFileReference; lastKnownFileType = sourcecode.swift; path = User.swift; sourceTree = "<group>"; };
		36FD174A26048F0500C8CE37 /* Item.swift */ = {isa = PBXFileReference; lastKnownFileType = sourcecode.swift; path = Item.swift; sourceTree = "<group>"; };
		36FD176A2604946C00C8CE37 /* IItem.swift */ = {isa = PBXFileReference; lastKnownFileType = sourcecode.swift; path = IItem.swift; sourceTree = "<group>"; };
		74802769B6CCF1CC4BF92F4C /* Pods-TestSwiftUI.release.xcconfig */ = {isa = PBXFileReference; includeInIndex = 1; lastKnownFileType = text.xcconfig; name = "Pods-TestSwiftUI.release.xcconfig"; path = "Target Support Files/Pods-TestSwiftUI/Pods-TestSwiftUI.release.xcconfig"; sourceTree = "<group>"; };
		8287011A6DE9C0018AF53A05 /* Pods_TestSwiftUI.framework */ = {isa = PBXFileReference; explicitFileType = wrapper.framework; includeInIndex = 0; path = Pods_TestSwiftUI.framework; sourceTree = BUILT_PRODUCTS_DIR; };
		A54804973D2CCE78C32ACE81 /* Pods-TestSwiftUI.debug.xcconfig */ = {isa = PBXFileReference; includeInIndex = 1; lastKnownFileType = text.xcconfig; name = "Pods-TestSwiftUI.debug.xcconfig"; path = "Target Support Files/Pods-TestSwiftUI/Pods-TestSwiftUI.debug.xcconfig"; sourceTree = "<group>"; };
/* End PBXFileReference section */

/* Begin PBXFrameworksBuildPhase section */
		36CAFF4926033F0300D455CA /* Frameworks */ = {
			isa = PBXFrameworksBuildPhase;
			buildActionMask = 2147483647;
			files = (
				3085B411DF1EEA3B3D033A0F /* Pods_TestSwiftUI.framework in Frameworks */,
			);
			runOnlyForDeploymentPostprocessing = 0;
		};
/* End PBXFrameworksBuildPhase section */

/* Begin PBXGroup section */
		06D9245D093273244933B222 /* Frameworks */ = {
			isa = PBXGroup;
			children = (
				8287011A6DE9C0018AF53A05 /* Pods_TestSwiftUI.framework */,
			);
			name = Frameworks;
			sourceTree = "<group>";
		};
		36CAFF4326033F0300D455CA = {
			isa = PBXGroup;
			children = (
				36CAFF4E26033F0300D455CA /* TestSwiftUI */,
				36CAFF4D26033F0300D455CA /* Products */,
				FBF67685524B9DFE3538CBA3 /* Pods */,
				06D9245D093273244933B222 /* Frameworks */,
			);
			sourceTree = "<group>";
		};
		36CAFF4D26033F0300D455CA /* Products */ = {
			isa = PBXGroup;
			children = (
				36CAFF4C26033F0300D455CA /* TestSwiftUI.app */,
			);
			name = Products;
			sourceTree = "<group>";
		};
		36CAFF4E26033F0300D455CA /* TestSwiftUI */ = {
			isa = PBXGroup;
			children = (
				36FD174126048EA600C8CE37 /* Other */,
				36CAFF8C260342F800D455CA /* Home */,
				36FD170A2604895900C8CE37 /* Main */,
				36FD17092604893E00C8CE37 /* Resource */,
			);
			path = TestSwiftUI;
			sourceTree = "<group>";
		};
		36CAFF8C260342F800D455CA /* Home */ = {
			isa = PBXGroup;
			children = (
				36CAFF822603409100D455CA /* HomeViewController.swift */,
				36FD173C26048E9300C8CE37 /* Comment.swift */,
				36FD174226048EEC00C8CE37 /* User.swift */,
				36FD174A26048F0500C8CE37 /* Item.swift */,
				36FD176A2604946C00C8CE37 /* IItem.swift */,
			);
			path = Home;
			sourceTree = "<group>";
		};
		36FD17092604893E00C8CE37 /* Resource */ = {
			isa = PBXGroup;
			children = (
				36CAFF5D26033F0800D455CA /* Info.plist */,
				36CAFF5526033F0800D455CA /* Assets.xcassets */,
				36CAFF5A26033F0800D455CA /* LaunchScreen.storyboard */,
			);
			path = Resource;
			sourceTree = "<group>";
		};
		36FD170A2604895900C8CE37 /* Main */ = {
			isa = PBXGroup;
			children = (
				36CAFF4F26033F0300D455CA /* AppDelegate.swift */,
				36CAFF5126033F0300D455CA /* SceneDelegate.swift */,
				36CAFF87260340DC00D455CA /* TabBarController.swift */,
				36FD17112604898C00C8CE37 /* TabBar.swift */,
				36FD1719260489E600C8CE37 /* API.swift */,
			);
			path = Main;
			sourceTree = "<group>";
		};
		36FD174126048EA600C8CE37 /* Other */ = {
			isa = PBXGroup;
			children = (
				36CAFF902603473800D455CA /* TrendViewController.swift */,
				36CAFF952603474D00D455CA /* LiveViewController.swift */,
			);
			path = Other;
			sourceTree = "<group>";
		};
		FBF67685524B9DFE3538CBA3 /* Pods */ = {
			isa = PBXGroup;
			children = (
				A54804973D2CCE78C32ACE81 /* Pods-TestSwiftUI.debug.xcconfig */,
				74802769B6CCF1CC4BF92F4C /* Pods-TestSwiftUI.release.xcconfig */,
			);
			path = Pods;
			sourceTree = "<group>";
		};
/* End PBXGroup section */

/* Begin PBXNativeTarget section */
		36CAFF4B26033F0300D455CA /* TestSwiftUI */ = {
			isa = PBXNativeTarget;
			buildConfigurationList = 36CAFF7626033F0900D455CA /* Build configuration list for PBXNativeTarget "TestSwiftUI" */;
			buildPhases = (
				6D310D30750218C496E2A9EA /* [CP] Check Pods Manifest.lock */,
				36CAFF4826033F0300D455CA /* Sources */,
				36CAFF4926033F0300D455CA /* Frameworks */,
				36CAFF4A26033F0300D455CA /* Resources */,
				8C1203C15EFFE0CE131A5BD9 /* [CP] Embed Pods Frameworks */,
			);
			buildRules = (
			);
			dependencies = (
			);
			name = TestSwiftUI;
			productName = TestSwiftUI;
			productReference = 36CAFF4C26033F0300D455CA /* TestSwiftUI.app */;
			productType = "com.apple.product-type.application";
		};
/* End PBXNativeTarget section */

/* Begin PBXProject section */
		36CAFF4426033F0300D455CA /* Project object */ = {
			isa = PBXProject;
			attributes = {
				LastSwiftUpdateCheck = 1230;
				LastUpgradeCheck = 1230;
				TargetAttributes = {
					36CAFF4B26033F0300D455CA = {
						CreatedOnToolsVersion = 12.3;
					};
				};
			};
			buildConfigurationList = 36CAFF4726033F0300D455CA /* Build configuration list for PBXProject "TestSwiftUI" */;
			compatibilityVersion = "Xcode 9.3";
			developmentRegion = en;
			hasScannedForEncodings = 0;
			knownRegions = (
				en,
				Base,
			);
			mainGroup = 36CAFF4326033F0300D455CA;
			productRefGroup = 36CAFF4D26033F0300D455CA /* Products */;
			projectDirPath = "";
			projectRoot = "";
			targets = (
				36CAFF4B26033F0300D455CA /* TestSwiftUI */,
			);
		};
/* End PBXProject section */

/* Begin PBXResourcesBuildPhase section */
		36CAFF4A26033F0300D455CA /* Resources */ = {
			isa = PBXResourcesBuildPhase;
			buildActionMask = 2147483647;
			files = (
				36CAFF5C26033F0800D455CA /* LaunchScreen.storyboard in Resources */,
				36CAFF5626033F0800D455CA /* Assets.xcassets in Resources */,
			);
			runOnlyForDeploymentPostprocessing = 0;
		};
/* End PBXResourcesBuildPhase section */

/* Begin PBXShellScriptBuildPhase section */
		6D310D30750218C496E2A9EA /* [CP] Check Pods Manifest.lock */ = {
			isa = PBXShellScriptBuildPhase;
			buildActionMask = 2147483647;
			files = (
			);
			inputFileListPaths = (
			);
			inputPaths = (
				"${PODS_PODFILE_DIR_PATH}/Podfile.lock",
				"${PODS_ROOT}/Manifest.lock",
			);
			name = "[CP] Check Pods Manifest.lock";
			outputFileListPaths = (
			);
			outputPaths = (
				"$(DERIVED_FILE_DIR)/Pods-TestSwiftUI-checkManifestLockResult.txt",
			);
			runOnlyForDeploymentPostprocessing = 0;
			shellPath = /bin/sh;
			shellScript = "diff \"${PODS_PODFILE_DIR_PATH}/Podfile.lock\" \"${PODS_ROOT}/Manifest.lock\" > /dev/null\nif [ $? != 0 ] ; then\n    # print error to STDERR\n    echo \"error: The sandbox is not in sync with the Podfile.lock. Run 'pod install' or update your CocoaPods installation.\" >&2\n    exit 1\nfi\n# This output is used by Xcode 'outputs' to avoid re-running this script phase.\necho \"SUCCESS\" > \"${SCRIPT_OUTPUT_FILE_0}\"\n";
			showEnvVarsInLog = 0;
		};
		8C1203C15EFFE0CE131A5BD9 /* [CP] Embed Pods Frameworks */ = {
			isa = PBXShellScriptBuildPhase;
			buildActionMask = 2147483647;
			files = (
			);
			inputFileListPaths = (
				"${PODS_ROOT}/Target Support Files/Pods-TestSwiftUI/Pods-TestSwiftUI-frameworks-${CONFIGURATION}-input-files.xcfilelist",
			);
			name = "[CP] Embed Pods Frameworks";
			outputFileListPaths = (
				"${PODS_ROOT}/Target Support Files/Pods-TestSwiftUI/Pods-TestSwiftUI-frameworks-${CONFIGURATION}-output-files.xcfilelist",
			);
			runOnlyForDeploymentPostprocessing = 0;
			shellPath = /bin/sh;
			shellScript = "\"${PODS_ROOT}/Target Support Files/Pods-TestSwiftUI/Pods-TestSwiftUI-frameworks.sh\"\n";
			showEnvVarsInLog = 0;
		};
/* End PBXShellScriptBuildPhase section */

/* Begin PBXSourcesBuildPhase section */
		36CAFF4826033F0300D455CA /* Sources */ = {
			isa = PBXSourcesBuildPhase;
			buildActionMask = 2147483647;
			files = (
				36CAFF5026033F0300D455CA /* AppDelegate.swift in Sources */,
				36CAFF5226033F0300D455CA /* SceneDelegate.swift in Sources */,
				36CAFF962603474D00D455CA /* LiveViewController.swift in Sources */,
				36FD17122604898C00C8CE37 /* TabBar.swift in Sources */,
				36CAFF88260340DC00D455CA /* TabBarController.swift in Sources */,
				36CAFF912603473800D455CA /* TrendViewController.swift in Sources */,
				36FD174B26048F0500C8CE37 /* Item.swift in Sources */,
				36FD171A260489E600C8CE37 /* API.swift in Sources */,
				36FD173D26048E9300C8CE37 /* Comment.swift in Sources */,
				36FD174326048EEC00C8CE37 /* User.swift in Sources */,
				36FD176B2604946C00C8CE37 /* IItem.swift in Sources */,
				36CAFF832603409100D455CA /* HomeViewController.swift in Sources */,
			);
			runOnlyForDeploymentPostprocessing = 0;
		};
/* End PBXSourcesBuildPhase section */

/* Begin PBXVariantGroup section */
		36CAFF5A26033F0800D455CA /* LaunchScreen.storyboard */ = {
			isa = PBXVariantGroup;
			children = (
				36CAFF5B26033F0800D455CA /* Base */,
			);
			name = LaunchScreen.storyboard;
			sourceTree = "<group>";
		};
/* End PBXVariantGroup section */

/* Begin XCBuildConfiguration section */
		36CAFF7426033F0900D455CA /* Debug */ = {
			isa = XCBuildConfiguration;
			buildSettings = {
				ALWAYS_SEARCH_USER_PATHS = NO;
				CLANG_ANALYZER_NONNULL = YES;
				CLANG_ANALYZER_NUMBER_OBJECT_CONVERSION = YES_AGGRESSIVE;
				CLANG_CXX_LANGUAGE_STANDARD = "gnu++14";
				CLANG_CXX_LIBRARY = "libc++";
				CLANG_ENABLE_MODULES = YES;
				CLANG_ENABLE_OBJC_ARC = YES;
				CLANG_ENABLE_OBJC_WEAK = YES;
				CLANG_WARN_BLOCK_CAPTURE_AUTORELEASING = YES;
				CLANG_WARN_BOOL_CONVERSION = YES;
				CLANG_WARN_COMMA = YES;
				CLANG_WARN_CONSTANT_CONVERSION = YES;
				CLANG_WARN_DEPRECATED_OBJC_IMPLEMENTATIONS = YES;
				CLANG_WARN_DIRECT_OBJC_ISA_USAGE = YES_ERROR;
				CLANG_WARN_DOCUMENTATION_COMMENTS = YES;
				CLANG_WARN_EMPTY_BODY = YES;
				CLANG_WARN_ENUM_CONVERSION = YES;
				CLANG_WARN_INFINITE_RECURSION = YES;
				CLANG_WARN_INT_CONVERSION = YES;
				CLANG_WARN_NON_LITERAL_NULL_CONVERSION = YES;
				CLANG_WARN_OBJC_IMPLICIT_RETAIN_SELF = YES;
				CLANG_WARN_OBJC_LITERAL_CONVERSION = YES;
				CLANG_WARN_OBJC_ROOT_CLASS = YES_ERROR;
				CLANG_WARN_QUOTED_INCLUDE_IN_FRAMEWORK_HEADER = YES;
				CLANG_WARN_RANGE_LOOP_ANALYSIS = YES;
				CLANG_WARN_STRICT_PROTOTYPES = YES;
				CLANG_WARN_SUSPICIOUS_MOVE = YES;
				CLANG_WARN_UNGUARDED_AVAILABILITY = YES_AGGRESSIVE;
				CLANG_WARN_UNREACHABLE_CODE = YES;
				CLANG_WARN__DUPLICATE_METHOD_MATCH = YES;
				COPY_PHASE_STRIP = NO;
				DEBUG_INFORMATION_FORMAT = dwarf;
				ENABLE_STRICT_OBJC_MSGSEND = YES;
				ENABLE_TESTABILITY = YES;
				GCC_C_LANGUAGE_STANDARD = gnu11;
				GCC_DYNAMIC_NO_PIC = NO;
				GCC_NO_COMMON_BLOCKS = YES;
				GCC_OPTIMIZATION_LEVEL = 0;
				GCC_PREPROCESSOR_DEFINITIONS = (
					"DEBUG=1",
					"$(inherited)",
				);
				GCC_WARN_64_TO_32_BIT_CONVERSION = YES;
				GCC_WARN_ABOUT_RETURN_TYPE = YES_ERROR;
				GCC_WARN_UNDECLARED_SELECTOR = YES;
				GCC_WARN_UNINITIALIZED_AUTOS = YES_AGGRESSIVE;
				GCC_WARN_UNUSED_FUNCTION = YES;
				GCC_WARN_UNUSED_VARIABLE = YES;
				IPHONEOS_DEPLOYMENT_TARGET = 14.3;
				MTL_ENABLE_DEBUG_INFO = INCLUDE_SOURCE;
				MTL_FAST_MATH = YES;
				ONLY_ACTIVE_ARCH = YES;
				SDKROOT = iphoneos;
				SWIFT_ACTIVE_COMPILATION_CONDITIONS = DEBUG;
				SWIFT_OPTIMIZATION_LEVEL = "-Onone";
			};
			name = Debug;
		};
		36CAFF7526033F0900D455CA /* Release */ = {
			isa = XCBuildConfiguration;
			buildSettings = {
				ALWAYS_SEARCH_USER_PATHS = NO;
				CLANG_ANALYZER_NONNULL = YES;
				CLANG_ANALYZER_NUMBER_OBJECT_CONVERSION = YES_AGGRESSIVE;
				CLANG_CXX_LANGUAGE_STANDARD = "gnu++14";
				CLANG_CXX_LIBRARY = "libc++";
				CLANG_ENABLE_MODULES = YES;
				CLANG_ENABLE_OBJC_ARC = YES;
				CLANG_ENABLE_OBJC_WEAK = YES;
				CLANG_WARN_BLOCK_CAPTURE_AUTORELEASING = YES;
				CLANG_WARN_BOOL_CONVERSION = YES;
				CLANG_WARN_COMMA = YES;
				CLANG_WARN_CONSTANT_CONVERSION = YES;
				CLANG_WARN_DEPRECATED_OBJC_IMPLEMENTATIONS = YES;
				CLANG_WARN_DIRECT_OBJC_ISA_USAGE = YES_ERROR;
				CLANG_WARN_DOCUMENTATION_COMMENTS = YES;
				CLANG_WARN_EMPTY_BODY = YES;
				CLANG_WARN_ENUM_CONVERSION = YES;
				CLANG_WARN_INFINITE_RECURSION = YES;
				CLANG_WARN_INT_CONVERSION = YES;
				CLANG_WARN_NON_LITERAL_NULL_CONVERSION = YES;
				CLANG_WARN_OBJC_IMPLICIT_RETAIN_SELF = YES;
				CLANG_WARN_OBJC_LITERAL_CONVERSION = YES;
				CLANG_WARN_OBJC_ROOT_CLASS = YES_ERROR;
				CLANG_WARN_QUOTED_INCLUDE_IN_FRAMEWORK_HEADER = YES;
				CLANG_WARN_RANGE_LOOP_ANALYSIS = YES;
				CLANG_WARN_STRICT_PROTOTYPES = YES;
				CLANG_WARN_SUSPICIOUS_MOVE = YES;
				CLANG_WARN_UNGUARDED_AVAILABILITY = YES_AGGRESSIVE;
				CLANG_WARN_UNREACHABLE_CODE = YES;
				CLANG_WARN__DUPLICATE_METHOD_MATCH = YES;
				COPY_PHASE_STRIP = NO;
				DEBUG_INFORMATION_FORMAT = "dwarf-with-dsym";
				ENABLE_NS_ASSERTIONS = NO;
				ENABLE_STRICT_OBJC_MSGSEND = YES;
				GCC_C_LANGUAGE_STANDARD = gnu11;
				GCC_NO_COMMON_BLOCKS = YES;
				GCC_WARN_64_TO_32_BIT_CONVERSION = YES;
				GCC_WARN_ABOUT_RETURN_TYPE = YES_ERROR;
				GCC_WARN_UNDECLARED_SELECTOR = YES;
				GCC_WARN_UNINITIALIZED_AUTOS = YES_AGGRESSIVE;
				GCC_WARN_UNUSED_FUNCTION = YES;
				GCC_WARN_UNUSED_VARIABLE = YES;
				IPHONEOS_DEPLOYMENT_TARGET = 14.3;
				MTL_ENABLE_DEBUG_INFO = NO;
				MTL_FAST_MATH = YES;
				SDKROOT = iphoneos;
				SWIFT_COMPILATION_MODE = wholemodule;
				SWIFT_OPTIMIZATION_LEVEL = "-O";
				VALIDATE_PRODUCT = YES;
			};
			name = Release;
		};
		36CAFF7726033F0900D455CA /* Debug */ = {
			isa = XCBuildConfiguration;
			baseConfigurationReference = A54804973D2CCE78C32ACE81 /* Pods-TestSwiftUI.debug.xcconfig */;
			buildSettings = {
				ASSETCATALOG_COMPILER_APPICON_NAME = AppIcon;
				ASSETCATALOG_COMPILER_GLOBAL_ACCENT_COLOR_NAME = AccentColor;
				CODE_SIGN_STYLE = Automatic;
				DEVELOPMENT_ASSET_PATHS = "\"TestSwiftUI/Preview Content\"";
				ENABLE_PREVIEWS = YES;
				INFOPLIST_FILE = TestSwiftUI/Resource/Info.plist;
				LD_RUNPATH_SEARCH_PATHS = (
					"$(inherited)",
					"@executable_path/Frameworks",
				);
				PRODUCT_BUNDLE_IDENTIFIER = com.zly.TestSwiftUI;
				PRODUCT_NAME = "$(TARGET_NAME)";
				SWIFT_VERSION = 5.0;
				TARGETED_DEVICE_FAMILY = "1,2";
			};
			name = Debug;
		};
		36CAFF7826033F0900D455CA /* Release */ = {
			isa = XCBuildConfiguration;
			baseConfigurationReference = 74802769B6CCF1CC4BF92F4C /* Pods-TestSwiftUI.release.xcconfig */;
			buildSettings = {
				ASSETCATALOG_COMPILER_APPICON_NAME = AppIcon;
				ASSETCATALOG_COMPILER_GLOBAL_ACCENT_COLOR_NAME = AccentColor;
				CODE_SIGN_STYLE = Automatic;
				DEVELOPMENT_ASSET_PATHS = "\"TestSwiftUI/Preview Content\"";
				ENABLE_PREVIEWS = YES;
				INFOPLIST_FILE = TestSwiftUI/Resource/Info.plist;
				LD_RUNPATH_SEARCH_PATHS = (
					"$(inherited)",
					"@executable_path/Frameworks",
				);
				PRODUCT_BUNDLE_IDENTIFIER = com.zly.TestSwiftUI;
				PRODUCT_NAME = "$(TARGET_NAME)";
				SWIFT_VERSION = 5.0;
				TARGETED_DEVICE_FAMILY = "1,2";
			};
			name = Release;
		};
/* End XCBuildConfiguration section */

/* Begin XCConfigurationList section */
		36CAFF4726033F0300D455CA /* Build configuration list for PBXProject "TestSwiftUI" */ = {
			isa = XCConfigurationList;
			buildConfigurations = (
				36CAFF7426033F0900D455CA /* Debug */,
				36CAFF7526033F0900D455CA /* Release */,
			);
			defaultConfigurationIsVisible = 0;
			defaultConfigurationName = Release;
		};
		36CAFF7626033F0900D455CA /* Build configuration list for PBXNativeTarget "TestSwiftUI" */ = {
			isa = XCConfigurationList;
			buildConfigurations = (
				36CAFF7726033F0900D455CA /* Debug */,
				36CAFF7826033F0900D455CA /* Release */,
			);
			defaultConfigurationIsVisible = 0;
			defaultConfigurationName = Release;
		};
/* End XCConfigurationList section */
	};
	rootObject = 36CAFF4426033F0300D455CA /* Project object */;
}
